{
  "pins" : [
    {
      "identity" : "swift-qrcode-generator",
      "kind" : "remoteSourceControl",
      "location" : "https://github.com/fwcd/swift-qrcode-generator.git",
      "state" : {
        "revision" : "2b1980b825f08a81ccc762b0c4d17fcde9d5e953",
        "version" : "2.0.2"
      }
    }
  ],
  "version" : 2
}
